// !$*UTF8*$!
{
	archiveVersion = 1;
	classes = {
	};
	objectVersion = 55;
	objects = {

/* Begin PBXBuildFile section */
		CE6E8F8527F23294000E22CE /* Album Store.swift in Sources */ = {isa = PBXBuildFile; fileRef = CE6E8F8427F23294000E22CE /* Album Store.swift */; };
		CE6E8F8927F23710000E22CE /* Album Cell.swift in Sources */ = {isa = PBXBuildFile; fileRef = CE6E8F8827F23710000E22CE /* Album Cell.swift */; };
		CE95AB8227EE163800CC3564 /* MyMusicApp.swift in Sources */ = {isa = PBXBuildFile; fileRef = CE95AB7227EE163600CC3564 /* MyMusicApp.swift */; };
		CE95AB8327EE163800CC3564 /* MyMusicApp.swift in Sources */ = {isa = PBXBuildFile; fileRef = CE95AB7227EE163600CC3564 /* MyMusicApp.swift */; };
		CE95AB8427EE163800CC3564 /* ContentView.swift in Sources */ = {isa = PBXBuildFile; fileRef = CE95AB7327EE163600CC3564 /* ContentView.swift */; };
		CE95AB8627EE163800CC3564 /* Assets.xcassets in Resources */ = {isa = PBXBuildFile; fileRef = CE95AB7427EE163800CC3564 /* Assets.xcassets */; };
		CE95AB8727EE163800CC3564 /* Assets.xcassets in Resources */ = {isa = PBXBuildFile; fileRef = CE95AB7427EE163800CC3564 /* Assets.xcassets */; };
		CE95AB9927EE19B800CC3564 /* AddAlbum.swift in Sources */ = {isa = PBXBuildFile; fileRef = CE95AB9827EE19B800CC3564 /* AddAlbum.swift */; };
		CE95AB9D27EE1DCB00CC3564 /* Listen Status.swift in Sources */ = {isa = PBXBuildFile; fileRef = CE95AB9C27EE1DCB00CC3564 /* Listen Status.swift */; };
		CE95AB9F27EE1E5400CC3564 /* Album.swift in Sources */ = {isa = PBXBuildFile; fileRef = CE95AB9E27EE1E5400CC3564 /* Album.swift */; };
		CE9F5E572804B2EA00BD537C /* Rating.swift in Sources */ = {isa = PBXBuildFile; fileRef = CE9F5E562804B2EA00BD537C /* Rating.swift */; };
		CEF0CE3427F49E9300B61EC7 /* WillListenAlbums.swift in Sources */ = {isa = PBXBuildFile; fileRef = CEF0CE3327F49E9300B61EC7 /* WillListenAlbums.swift */; };
		CEF0CE3827F49F2B00B61EC7 /* ListenedAlbums.swift in Sources */ = {isa = PBXBuildFile; fileRef = CEF0CE3727F49F2B00B61EC7 /* ListenedAlbums.swift */; };
		CEFF0F9027F75193009FE95F /* ResultVisibility.swift in Sources */ = {isa = PBXBuildFile; fileRef = CEFF0F8F27F75193009FE95F /* ResultVisibility.swift */; };
/* End PBXBuildFile section */

/* Begin PBXFileReference section */
		CE6E8F8427F23294000E22CE /* Album Store.swift */ = {isa = PBXFileReference; lastKnownFileType = sourcecode.swift; path = "Album Store.swift"; sourceTree = "<group>"; };
		CE6E8F8827F23710000E22CE /* Album Cell.swift */ = {isa = PBXFileReference; lastKnownFileType = sourcecode.swift; path = "Album Cell.swift"; sourceTree = "<group>"; };
		CE95AB7227EE163600CC3564 /* MyMusicApp.swift */ = {isa = PBXFileReference; lastKnownFileType = sourcecode.swift; path = MyMusicApp.swift; sourceTree = "<group>"; };
		CE95AB7327EE163600CC3564 /* ContentView.swift */ = {isa = PBXFileReference; lastKnownFileType = sourcecode.swift; path = ContentView.swift; sourceTree = "<group>"; };
		CE95AB7427EE163800CC3564 /* Assets.xcassets */ = {isa = PBXFileReference; lastKnownFileType = folder.assetcatalog; path = Assets.xcassets; sourceTree = "<group>"; };
		CE95AB7927EE163800CC3564 /* MyMusic.app */ = {isa = PBXFileReference; explicitFileType = wrapper.application; includeInIndex = 0; path = MyMusic.app; sourceTree = BUILT_PRODUCTS_DIR; };
		CE95AB7F27EE163800CC3564 /* MyMusic.app */ = {isa = PBXFileReference; explicitFileType = wrapper.application; includeInIndex = 0; path = MyMusic.app; sourceTree = BUILT_PRODUCTS_DIR; };
		CE95AB8127EE163800CC3564 /* macOS.entitlements */ = {isa = PBXFileReference; lastKnownFileType = text.plist.entitlements; path = macOS.entitlements; sourceTree = "<group>"; };
		CE95AB9827EE19B800CC3564 /* AddAlbum.swift */ = {isa = PBXFileReference; lastKnownFileType = sourcecode.swift; path = AddAlbum.swift; sourceTree = "<group>"; };
		CE95AB9C27EE1DCB00CC3564 /* Listen Status.swift */ = {isa = PBXFileReference; lastKnownFileType = sourcecode.swift; path = "Listen Status.swift"; sourceTree = "<group>"; };
		CE95AB9E27EE1E5400CC3564 /* Album.swift */ = {isa = PBXFileReference; lastKnownFileType = sourcecode.swift; path = Album.swift; sourceTree = "<group>"; };
		CE9F5E562804B2EA00BD537C /* Rating.swift */ = {isa = PBXFileReference; lastKnownFileType = sourcecode.swift; path = Rating.swift; sourceTree = "<group>"; };
		CEF0CE3327F49E9300B61EC7 /* WillListenAlbums.swift */ = {isa = PBXFileReference; lastKnownFileType = sourcecode.swift; path = WillListenAlbums.swift; sourceTree = "<group>"; };
		CEF0CE3727F49F2B00B61EC7 /* ListenedAlbums.swift */ = {isa = PBXFileReference; lastKnownFileType = sourcecode.swift; path = ListenedAlbums.swift; sourceTree = "<group>"; };
		CEFF0F8F27F75193009FE95F /* ResultVisibility.swift */ = {isa = PBXFileReference; lastKnownFileType = sourcecode.swift; path = ResultVisibility.swift; sourceTree = "<group>"; };
/* End PBXFileReference section */

/* Begin PBXFrameworksBuildPhase section */
		CE95AB7627EE163800CC3564 /* Frameworks */ = {
			isa = PBXFrameworksBuildPhase;
			buildActionMask = 2147483647;
			files = (
			);
			runOnlyForDeploymentPostprocessing = 0;
		};
		CE95AB7C27EE163800CC3564 /* Frameworks */ = {
			isa = PBXFrameworksBuildPhase;
			buildActionMask = 2147483647;
			files = (
			);
			runOnlyForDeploymentPostprocessing = 0;
		};
/* End PBXFrameworksBuildPhase section */

/* Begin PBXGroup section */
		CE95AB6C27EE163500CC3564 = {
			isa = PBXGroup;
			children = (
				CE95AB7127EE163500CC3564 /* Shared */,
				CE95AB8027EE163800CC3564 /* macOS */,
				CE95AB7A27EE163800CC3564 /* Products */,
			);
			sourceTree = "<group>";
		};
		CE95AB7127EE163500CC3564 /* Shared */ = {
			isa = PBXGroup;
			children = (
				CE95AB7227EE163600CC3564 /* MyMusicApp.swift */,
				CE95AB9027EE17FE00CC3564 /* Model */,
				CE95AB9327EE183500CC3564 /* View Model */,
				CE95AB9227EE182600CC3564 /* Views */,
				CE95AB7427EE163800CC3564 /* Assets.xcassets */,
			);
			path = Shared;
			sourceTree = "<group>";
		};
		CE95AB7A27EE163800CC3564 /* Products */ = {
			isa = PBXGroup;
			children = (
				CE95AB7927EE163800CC3564 /* MyMusic.app */,
				CE95AB7F27EE163800CC3564 /* MyMusic.app */,
			);
			name = Products;
			sourceTree = "<group>";
		};
		CE95AB8027EE163800CC3564 /* macOS */ = {
			isa = PBXGroup;
			children = (
				CE95AB8127EE163800CC3564 /* macOS.entitlements */,
			);
			path = macOS;
			sourceTree = "<group>";
		};
		CE95AB9027EE17FE00CC3564 /* Model */ = {
			isa = PBXGroup;
			children = (
				CE95AB9C27EE1DCB00CC3564 /* Listen Status.swift */,
				CE95AB9E27EE1E5400CC3564 /* Album.swift */,
				CEFF0F8F27F75193009FE95F /* ResultVisibility.swift */,
				CE9F5E562804B2EA00BD537C /* Rating.swift */,
			);
			path = Model;
			sourceTree = "<group>";
		};
		CE95AB9227EE182600CC3564 /* Views */ = {
			isa = PBXGroup;
			children = (
				CE95AB7327EE163600CC3564 /* ContentView.swift */,
				CE6E8F8827F23710000E22CE /* Album Cell.swift */,
				CE95AB9827EE19B800CC3564 /* AddAlbum.swift */,
				CEF0CE3327F49E9300B61EC7 /* WillListenAlbums.swift */,
				CEF0CE3727F49F2B00B61EC7 /* ListenedAlbums.swift */,
			);
			path = Views;
			sourceTree = "<group>";
		};
		CE95AB9327EE183500CC3564 /* View Model */ = {
			isa = PBXGroup;
			children = (
				CE6E8F8427F23294000E22CE /* Album Store.swift */,
			);
			path = "View Model";
			sourceTree = "<group>";
		};
/* End PBXGroup section */

/* Begin PBXNativeTarget section */
		CE95AB7827EE163800CC3564 /* MyMusic (iOS) */ = {
			isa = PBXNativeTarget;
			buildConfigurationList = CE95AB8A27EE163800CC3564 /* Build configuration list for PBXNativeTarget "MyMusic (iOS)" */;
			buildPhases = (
				CE95AB7527EE163800CC3564 /* Sources */,
				CE95AB7627EE163800CC3564 /* Frameworks */,
				CE95AB7727EE163800CC3564 /* Resources */,
			);
			buildRules = (
			);
			dependencies = (
			);
			name = "MyMusic (iOS)";
			productName = "MyMusic (iOS)";
			productReference = CE95AB7927EE163800CC3564 /* MyMusic.app */;
			productType = "com.apple.product-type.application";
		};
		CE95AB7E27EE163800CC3564 /* MyMusic (macOS) */ = {
			isa = PBXNativeTarget;
			buildConfigurationList = CE95AB8D27EE163800CC3564 /* Build configuration list for PBXNativeTarget "MyMusic (macOS)" */;
			buildPhases = (
				CE95AB7B27EE163800CC3564 /* Sources */,
				CE95AB7C27EE163800CC3564 /* Frameworks */,
				CE95AB7D27EE163800CC3564 /* Resources */,
			);
			buildRules = (
			);
			dependencies = (
			);
			name = "MyMusic (macOS)";
			productName = "MyMusic (macOS)";
			productReference = CE95AB7F27EE163800CC3564 /* MyMusic.app */;
			productType = "com.apple.product-type.application";
		};
/* End PBXNativeTarget section */

/* Begin PBXProject section */
		CE95AB6D27EE163500CC3564 /* Project object */ = {
			isa = PBXProject;
			attributes = {
				BuildIndependentTargetsInParallel = 1;
				LastSwiftUpdateCheck = 1320;
				LastUpgradeCheck = 1320;
				TargetAttributes = {
					CE95AB7827EE163800CC3564 = {
						CreatedOnToolsVersion = 13.2.1;
					};
					CE95AB7E27EE163800CC3564 = {
						CreatedOnToolsVersion = 13.2.1;
					};
				};
			};
			buildConfigurationList = CE95AB7027EE163500CC3564 /* Build configuration list for PBXProject "MyMusic" */;
			compatibilityVersion = "Xcode 13.0";
			developmentRegion = en;
			hasScannedForEncodings = 0;
			knownRegions = (
				en,
				Base,
			);
			mainGroup = CE95AB6C27EE163500CC3564;
			productRefGroup = CE95AB7A27EE163800CC3564 /* Products */;
			projectDirPath = "";
			projectRoot = "";
			targets = (
				CE95AB7827EE163800CC3564 /* MyMusic (iOS) */,
				CE95AB7E27EE163800CC3564 /* MyMusic (macOS) */,
			);
		};
/* End PBXProject section */

/* Begin PBXResourcesBuildPhase section */
		CE95AB7727EE163800CC3564 /* Resources */ = {
			isa = PBXResourcesBuildPhase;
			buildActionMask = 2147483647;
			files = (
				CE95AB8627EE163800CC3564 /* Assets.xcassets in Resources */,
			);
			runOnlyForDeploymentPostprocessing = 0;
		};
		CE95AB7D27EE163800CC3564 /* Resources */ = {
			isa = PBXResourcesBuildPhase;
			buildActionMask = 2147483647;
			files = (
				CE95AB8727EE163800CC3564 /* Assets.xcassets in Resources */,
			);
			runOnlyForDeploymentPostprocessing = 0;
		};
/* End PBXResourcesBuildPhase section */

/* Begin PBXSourcesBuildPhase section */
		CE95AB7527EE163800CC3564 /* Sources */ = {
			isa = PBXSourcesBuildPhase;
			buildActionMask = 2147483647;
			files = (
				CE6E8F8527F23294000E22CE /* Album Store.swift in Sources */,
				CEF0CE3827F49F2B00B61EC7 /* ListenedAlbums.swift in Sources */,
				CE95AB8427EE163800CC3564 /* ContentView.swift in Sources */,
				CE95AB9D27EE1DCB00CC3564 /* Listen Status.swift in Sources */,
				CE95AB9927EE19B800CC3564 /* AddAlbum.swift in Sources */,
				CE9F5E572804B2EA00BD537C /* Rating.swift in Sources */,
				CEF0CE3427F49E9300B61EC7 /* WillListenAlbums.swift in Sources */,
				CEFF0F9027F75193009FE95F /* ResultVisibility.swift in Sources */,
				CE6E8F8927F23710000E22CE /* Album Cell.swift in Sources */,
				CE95AB9F27EE1E5400CC3564 /* Album.swift in Sources */,
				CE95AB8227EE163800CC3564 /* MyMusicApp.swift in Sources */,
			);
			runOnlyForDeploymentPostprocessing = 0;
		};
		CE95AB7B27EE163800CC3564 /* Sources */ = {
			isa = PBXSourcesBuildPhase;
			buildActionMask = 2147483647;
			files = (
				CE95AB8327EE163800CC3564 /* MyMusicApp.swift in Sources */,
			);
			runOnlyForDeploymentPostprocessing = 0;
		};
/* End PBXSourcesBuildPhase section */

/* Begin XCBuildConfiguration section */
		CE95AB8827EE163800CC3564 /* Debug */ = {
			isa = XCBuildConfiguration;
			buildSettings = {
				ALWAYS_SEARCH_USER_PATHS = NO;
				CLANG_ANALYZER_NONNULL = YES;
				CLANG_ANALYZER_NUMBER_OBJECT_CONVERSION = YES_AGGRESSIVE;
				CLANG_CXX_LANGUAGE_STANDARD = "gnu++17";
				CLANG_CXX_LIBRARY = "libc++";
				CLANG_ENABLE_MODULES = YES;
				CLANG_ENABLE_OBJC_ARC = YES;
				CLANG_ENABLE_OBJC_WEAK = YES;
				CLANG_WARN_BLOCK_CAPTURE_AUTORELEASING = YES;
				CLANG_WARN_BOOL_CONVERSION = YES;
				CLANG_WARN_COMMA = YES;
				CLANG_WARN_CONSTANT_CONVERSION = YES;
				CLANG_WARN_DEPRECATED_OBJC_IMPLEMENTATIONS = YES;
				CLANG_WARN_DIRECT_OBJC_ISA_USAGE = YES_ERROR;
				CLANG_WARN_DOCUMENTATION_COMMENTS = YES;
				CLANG_WARN_EMPTY_BODY = YES;
				CLANG_WARN_ENUM_CONVERSION = YES;
				CLANG_WARN_INFINITE_RECURSION = YES;
				CLANG_WARN_INT_CONVERSION = YES;
				CLANG_WARN_NON_LITERAL_NULL_CONVERSION = YES;
				CLANG_WARN_OBJC_IMPLICIT_RETAIN_SELF = YES;
				CLANG_WARN_OBJC_LITERAL_CONVERSION = YES;
				CLANG_WARN_OBJC_ROOT_CLASS = YES_ERROR;
				CLANG_WARN_QUOTED_INCLUDE_IN_FRAMEWORK_HEADER = YES;
				CLANG_WARN_RANGE_LOOP_ANALYSIS = YES;
				CLANG_WARN_STRICT_PROTOTYPES = YES;
				CLANG_WARN_SUSPICIOUS_MOVE = YES;
				CLANG_WARN_UNGUARDED_AVAILABILITY = YES_AGGRESSIVE;
				CLANG_WARN_UNREACHABLE_CODE = YES;
				CLANG_WARN__DUPLICATE_METHOD_MATCH = YES;
				COPY_PHASE_STRIP = NO;
				DEBUG_INFORMATION_FORMAT = dwarf;
				ENABLE_STRICT_OBJC_MSGSEND = YES;
				ENABLE_TESTABILITY = YES;
				GCC_C_LANGUAGE_STANDARD = gnu11;
				GCC_DYNAMIC_NO_PIC = NO;
				GCC_NO_COMMON_BLOCKS = YES;
				GCC_OPTIMIZATION_LEVEL = 0;
				GCC_PREPROCESSOR_DEFINITIONS = (
					"DEBUG=1",
					"$(inherited)",
				);
				GCC_WARN_64_TO_32_BIT_CONVERSION = YES;
				GCC_WARN_ABOUT_RETURN_TYPE = YES_ERROR;
				GCC_WARN_UNDECLARED_SELECTOR = YES;
				GCC_WARN_UNINITIALIZED_AUTOS = YES_AGGRESSIVE;
				GCC_WARN_UNUSED_FUNCTION = YES;
				GCC_WARN_UNUSED_VARIABLE = YES;
				MTL_ENABLE_DEBUG_INFO = INCLUDE_SOURCE;
				MTL_FAST_MATH = YES;
				ONLY_ACTIVE_ARCH = YES;
				SWIFT_ACTIVE_COMPILATION_CONDITIONS = DEBUG;
				SWIFT_OPTIMIZATION_LEVEL = "-Onone";
			};
			name = Debug;
		};
		CE95AB8927EE163800CC3564 /* Release */ = {
			isa = XCBuildConfiguration;
			buildSettings = {
				ALWAYS_SEARCH_USER_PATHS = NO;
				CLANG_ANALYZER_NONNULL = YES;
				CLANG_ANALYZER_NUMBER_OBJECT_CONVERSION = YES_AGGRESSIVE;
				CLANG_CXX_LANGUAGE_STANDARD = "gnu++17";
				CLANG_CXX_LIBRARY = "libc++";
				CLANG_ENABLE_MODULES = YES;
				CLANG_ENABLE_OBJC_ARC = YES;
				CLANG_ENABLE_OBJC_WEAK = YES;
				CLANG_WARN_BLOCK_CAPTURE_AUTORELEASING = YES;
				CLANG_WARN_BOOL_CONVERSION = YES;
				CLANG_WARN_COMMA = YES;
				CLANG_WARN_CONSTANT_CONVERSION = YES;
				CLANG_WARN_DEPRECATED_OBJC_IMPLEMENTATIONS = YES;
				CLANG_WARN_DIRECT_OBJC_ISA_USAGE = YES_ERROR;
				CLANG_WARN_DOCUMENTATION_COMMENTS = YES;
				CLANG_WARN_EMPTY_BODY = YES;
				CLANG_WARN_ENUM_CONVERSION = YES;
				CLANG_WARN_INFINITE_RECURSION = YES;
				CLANG_WARN_INT_CONVERSION = YES;
				CLANG_WARN_NON_LITERAL_NULL_CONVERSION = YES;
				CLANG_WARN_OBJC_IMPLICIT_RETAIN_SELF = YES;
				CLANG_WARN_OBJC_LITERAL_CONVERSION = YES;
				CLANG_WARN_OBJC_ROOT_CLASS = YES_ERROR;
				CLANG_WARN_QUOTED_INCLUDE_IN_FRAMEWORK_HEADER = YES;
				CLANG_WARN_RANGE_LOOP_ANALYSIS = YES;
				CLANG_WARN_STRICT_PROTOTYPES = YES;
				CLANG_WARN_SUSPICIOUS_MOVE = YES;
				CLANG_WARN_UNGUARDED_AVAILABILITY = YES_AGGRESSIVE;
				CLANG_WARN_UNREACHABLE_CODE = YES;
				CLANG_WARN__DUPLICATE_METHOD_MATCH = YES;
				COPY_PHASE_STRIP = NO;
				DEBUG_INFORMATION_FORMAT = "dwarf-with-dsym";
				ENABLE_NS_ASSERTIONS = NO;
				ENABLE_STRICT_OBJC_MSGSEND = YES;
				GCC_C_LANGUAGE_STANDARD = gnu11;
				GCC_NO_COMMON_BLOCKS = YES;
				GCC_WARN_64_TO_32_BIT_CONVERSION = YES;
				GCC_WARN_ABOUT_RETURN_TYPE = YES_ERROR;
				GCC_WARN_UNDECLARED_SELECTOR = YES;
				GCC_WARN_UNINITIALIZED_AUTOS = YES_AGGRESSIVE;
				GCC_WARN_UNUSED_FUNCTION = YES;
				GCC_WARN_UNUSED_VARIABLE = YES;
				MTL_ENABLE_DEBUG_INFO = NO;
				MTL_FAST_MATH = YES;
				SWIFT_COMPILATION_MODE = wholemodule;
				SWIFT_OPTIMIZATION_LEVEL = "-O";
			};
			name = Release;
		};
		CE95AB8B27EE163800CC3564 /* Debug */ = {
			isa = XCBuildConfiguration;
			buildSettings = {
				ASSETCATALOG_COMPILER_APPICON_NAME = AppIcon;
				ASSETCATALOG_COMPILER_GLOBAL_ACCENT_COLOR_NAME = AccentColor;
				CODE_SIGN_STYLE = Automatic;
				CURRENT_PROJECT_VERSION = 1;
				DEVELOPMENT_TEAM = T5P6TDLT2T;
				ENABLE_PREVIEWS = YES;
				GENERATE_INFOPLIST_FILE = YES;
				INFOPLIST_KEY_UIApplicationSceneManifest_Generation = YES;
				INFOPLIST_KEY_UIApplicationSupportsIndirectInputEvents = YES;
				INFOPLIST_KEY_UILaunchScreen_Generation = YES;
				INFOPLIST_KEY_UISupportedInterfaceOrientations_iPad = "UIInterfaceOrientationPortrait UIInterfaceOrientationPortraitUpsideDown UIInterfaceOrientationLandscapeLeft UIInterfaceOrientationLandscapeRight";
				INFOPLIST_KEY_UISupportedInterfaceOrientations_iPhone = "UIInterfaceOrientationPortrait UIInterfaceOrientationLandscapeLeft UIInterfaceOrientationLandscapeRight";
				IPHONEOS_DEPLOYMENT_TARGET = 15.2;
				LD_RUNPATH_SEARCH_PATHS = (
					"$(inherited)",
					"@executable_path/Frameworks",
				);
				MARKETING_VERSION = 1.0;
				PRODUCT_BUNDLE_IDENTIFIER = ca.angusmcaloon.MyMusic;
				PRODUCT_NAME = MyMusic;
				SDKROOT = iphoneos;
				SWIFT_EMIT_LOC_STRINGS = YES;
				SWIFT_VERSION = 5.0;
				TARGETED_DEVICE_FAMILY = "1,2";
			};
			name = Debug;
		};
		CE95AB8C27EE163800CC3564 /* Release */ = {
			isa = XCBuildConfiguration;
			buildSettings = {
				ASSETCATALOG_COMPILER_APPICON_NAME = AppIcon;
				ASSETCATALOG_COMPILER_GLOBAL_ACCENT_COLOR_NAME = AccentColor;
				CODE_SIGN_STYLE = Automatic;
				CURRENT_PROJECT_VERSION = 1;
				DEVELOPMENT_TEAM = T5P6TDLT2T;
				ENABLE_PREVIEWS = YES;
				GENERATE_INFOPLIST_FILE = YES;
				INFOPLIST_KEY_UIApplicationSceneManifest_Generation = YES;
				INFOPLIST_KEY_UIApplicationSupportsIndirectInputEvents = YES;
				INFOPLIST_KEY_UILaunchScreen_Generation = YES;
				INFOPLIST_KEY_UISupportedInterfaceOrientations_iPad = "UIInterfaceOrientationPortrait UIInterfaceOrientationPortraitUpsideDown UIInterfaceOrientationLandscapeLeft UIInterfaceOrientationLandscapeRight";
				INFOPLIST_KEY_UISupportedInterfaceOrientations_iPhone = "UIInterfaceOrientationPortrait UIInterfaceOrientationLandscapeLeft UIInterfaceOrientationLandscapeRight";
				IPHONEOS_DEPLOYMENT_TARGET = 15.2;
				LD_RUNPATH_SEARCH_PATHS = (
					"$(inherited)",
					"@executable_path/Frameworks",
				);
				MARKETING_VERSION = 1.0;
				PRODUCT_BUNDLE_IDENTIFIER = ca.angusmcaloon.MyMusic;
				PRODUCT_NAME = MyMusic;
				SDKROOT = iphoneos;
				SWIFT_EMIT_LOC_STRINGS = YES;
				SWIFT_VERSION = 5.0;
				TARGETED_DEVICE_FAMILY = "1,2";
				VALIDATE_PRODUCT = YES;
			};
			name = Release;
		};
		CE95AB8E27EE163800CC3564 /* Debug */ = {
			isa = XCBuildConfiguration;
			buildSettings = {
				ASSETCATALOG_COMPILER_APPICON_NAME = AppIcon;
				ASSETCATALOG_COMPILER_GLOBAL_ACCENT_COLOR_NAME = AccentColor;
				CODE_SIGN_ENTITLEMENTS = macOS/macOS.entitlements;
				CODE_SIGN_STYLE = Automatic;
				COMBINE_HIDPI_IMAGES = YES;
				CURRENT_PROJECT_VERSION = 1;
				DEVELOPMENT_TEAM = T5P6TDLT2T;
				ENABLE_HARDENED_RUNTIME = YES;
				ENABLE_PREVIEWS = YES;
				GENERATE_INFOPLIST_FILE = YES;
				INFOPLIST_KEY_NSHumanReadableCopyright = "";
				LD_RUNPATH_SEARCH_PATHS = (
					"$(inherited)",
					"@executable_path/../Frameworks",
				);
				MACOSX_DEPLOYMENT_TARGET = 11.3;
				MARKETING_VERSION = 1.0;
				PRODUCT_BUNDLE_IDENTIFIER = ca.angusmcaloon.MyMusic;
				PRODUCT_NAME = MyMusic;
				SDKROOT = macosx;
				SWIFT_EMIT_LOC_STRINGS = YES;
				SWIFT_VERSION = 5.0;
			};
			name = Debug;
		};
		CE95AB8F27EE163800CC3564 /* Release */ = {
			isa = XCBuildConfiguration;
			buildSettings = {
				ASSETCATALOG_COMPILER_APPICON_NAME = AppIcon;
				ASSETCATALOG_COMPILER_GLOBAL_ACCENT_COLOR_NAME = AccentColor;
				CODE_SIGN_ENTITLEMENTS = macOS/macOS.entitlements;
				CODE_SIGN_STYLE = Automatic;
				COMBINE_HIDPI_IMAGES = YES;
				CURRENT_PROJECT_VERSION = 1;
				DEVELOPMENT_TEAM = T5P6TDLT2T;
				ENABLE_HARDENED_RUNTIME = YES;
				ENABLE_PREVIEWS = YES;
				GENERATE_INFOPLIST_FILE = YES;
				INFOPLIST_KEY_NSHumanReadableCopyright = "";
				LD_RUNPATH_SEARCH_PATHS = (
					"$(inherited)",
					"@executable_path/../Frameworks",
				);
				MACOSX_DEPLOYMENT_TARGET = 11.3;
				MARKETING_VERSION = 1.0;
				PRODUCT_BUNDLE_IDENTIFIER = ca.angusmcaloon.MyMusic;
				PRODUCT_NAME = MyMusic;
				SDKROOT = macosx;
				SWIFT_EMIT_LOC_STRINGS = YES;
				SWIFT_VERSION = 5.0;
			};
			name = Release;
		};
/* End XCBuildConfiguration section */

/* Begin XCConfigurationList section */
		CE95AB7027EE163500CC3564 /* Build configuration list for PBXProject "MyMusic" */ = {
			isa = XCConfigurationList;
			buildConfigurations = (
				CE95AB8827EE163800CC3564 /* Debug */,
				CE95AB8927EE163800CC3564 /* Release */,
			);
			defaultConfigurationIsVisible = 0;
			defaultConfigurationName = Release;
		};
		CE95AB8A27EE163800CC3564 /* Build configuration list for PBXNativeTarget "MyMusic (iOS)" */ = {
			isa = XCConfigurationList;
			buildConfigurations = (
				CE95AB8B27EE163800CC3564 /* Debug */,
				CE95AB8C27EE163800CC3564 /* Release */,
			);
			defaultConfigurationIsVisible = 0;
			defaultConfigurationName = Release;
		};
		CE95AB8D27EE163800CC3564 /* Build configuration list for PBXNativeTarget "MyMusic (macOS)" */ = {
			isa = XCConfigurationList;
			buildConfigurations = (
				CE95AB8E27EE163800CC3564 /* Debug */,
				CE95AB8F27EE163800CC3564 /* Release */,
			);
			defaultConfigurationIsVisible = 0;
			defaultConfigurationName = Release;
		};
/* End XCConfigurationList section */
	};
	rootObject = CE95AB6D27EE163500CC3564 /* Project object */;
}
